
Microsoft Visual Studio Solution File, Format Version 12.00
# Visual Studio Version 17
VisualStudioVersion = 17.2.32526.322
MinimumVisualStudioVersion = 10.0.40219.1
Project("{2150E333-8FDC-42A3-9474-1A3956D46DE8}") = "src", "src", "{0A3D72B8-906E-47B5-A037-0E85A2E2FD39}"
EndProject
Project("{9A19103F-16F7-4668-BE54-9A1E7A4F7556}") = "IngestApi", "src\IngestApi\IngestApi.csproj", "{2D96FE07-1E88-412C-88CD-F521BB9F619D}"
EndProject
Project("{9A19103F-16F7-4668-BE54-9A1E7A4F7556}") = "QueryApi", "src\QueryApi\QueryApi.csproj", "{6B74F8E5-5858-47A9-A1DC-32374ADD891C}"
EndProject
Project("{9A19103F-16F7-4668-BE54-9A1E7A4F7556}") = "Simulator", "src\Simulator\Simulator.csproj", "{6F8B5ABA-B8C5-4542-9667-50F4233E64AA}"
EndProject
Project("{2150E333-8FDC-42A3-9474-1A3956D46DE8}") = "Frontend", "Frontend", "{E75712CD-F13E-4951-AECB-36A34CF0BFF3}"
	ProjectSection(SolutionItems) = preProject
		src\Frontend\.env = src\Frontend\.env
		src\Frontend\.eslintrc.json = src\Frontend\.eslintrc.json
		src\Frontend\.gitignore = src\Frontend\.gitignore
		src\Frontend\.prettierrc = src\Frontend\.prettierrc
		src\Frontend\api-openapi-schema.json = src\Frontend\api-openapi-schema.json
		src\Frontend\apiConfig.ts = src\Frontend\apiConfig.ts
		src\Frontend\next-env.d.ts = src\Frontend\next-env.d.ts
		src\Frontend\next.config.js = src\Frontend\next.config.js
		src\Frontend\openapitools.json = src\Frontend\openapitools.json
		src\Frontend\package-lock.json = src\Frontend\package-lock.json
		src\Frontend\package.json = src\Frontend\package.json
		src\Frontend\README.md = src\Frontend\README.md
		src\Frontend\tsconfig.json = src\Frontend\tsconfig.json
	EndProjectSection
EndProject
Project("{9A19103F-16F7-4668-BE54-9A1E7A4F7556}") = "Common", "src\Common\Common.csproj", "{796DC7FC-4FE9-4FC9-A9CC-DE3FA507A11F}"
EndProject
Project("{9A19103F-16F7-4668-BE54-9A1E7A4F7556}") = "MqttBroker", "src\MqttBroker\MqttBroker.csproj", "{81CEFE93-0E20-4D96-97FE-018CAAE7E785}"
EndProject
Project("{9A19103F-16F7-4668-BE54-9A1E7A4F7556}") = "AlertManager", "src\AlertManager\AlertManager.csproj", "{508C40B5-7585-4BC8-BBA0-85F9A7ABBCDB}"
EndProject
Project("{9A19103F-16F7-4668-BE54-9A1E7A4F7556}") = "ChannelStreamer", "src\ChannelStreamer\ChannelStreamer.csproj", "{FD545A08-9A9C-4D77-A63B-DAAC4FEDB24C}"
EndProject
Project("{9A19103F-16F7-4668-BE54-9A1E7A4F7556}") = "SearchApi", "src\SearchApi\SearchApi.csproj", "{DB92FDE0-8D61-4DE8-B674-E1B08D7F3A96}"
EndProject
Project("{9A19103F-16F7-4668-BE54-9A1E7A4F7556}") = "SearchClient", "src\SearchClient\SearchClient.csproj", "{5A043F8E-1D13-452D-A490-ACF7383DDA2D}"
EndProject
Global
	GlobalSection(SolutionConfigurationPlatforms) = preSolution
		Debug|Any CPU = Debug|Any CPU
		Release|Any CPU = Release|Any CPU
	EndGlobalSection
	GlobalSection(ProjectConfigurationPlatforms) = postSolution
		{2D96FE07-1E88-412C-88CD-F521BB9F619D}.Debug|Any CPU.ActiveCfg = Debug|Any CPU
		{2D96FE07-1E88-412C-88CD-F521BB9F619D}.Debug|Any CPU.Build.0 = Debug|Any CPU
		{2D96FE07-1E88-412C-88CD-F521BB9F619D}.Release|Any CPU.ActiveCfg = Release|Any CPU
		{2D96FE07-1E88-412C-88CD-F521BB9F619D}.Release|Any CPU.Build.0 = Release|Any CPU
		{6B74F8E5-5858-47A9-A1DC-32374ADD891C}.Debug|Any CPU.ActiveCfg = Debug|Any CPU
		{6B74F8E5-5858-47A9-A1DC-32374ADD891C}.Debug|Any CPU.Build.0 = Debug|Any CPU
		{6B74F8E5-5858-47A9-A1DC-32374ADD891C}.Release|Any CPU.ActiveCfg = Release|Any CPU
		{6B74F8E5-5858-47A9-A1DC-32374ADD891C}.Release|Any CPU.Build.0 = Release|Any CPU
		{6F8B5ABA-B8C5-4542-9667-50F4233E64AA}.Debug|Any CPU.ActiveCfg = Debug|Any CPU
		{6F8B5ABA-B8C5-4542-9667-50F4233E64AA}.Debug|Any CPU.Build.0 = Debug|Any CPU
		{6F8B5ABA-B8C5-4542-9667-50F4233E64AA}.Release|Any CPU.ActiveCfg = Release|Any CPU
		{6F8B5ABA-B8C5-4542-9667-50F4233E64AA}.Release|Any CPU.Build.0 = Release|Any CPU
		{796DC7FC-4FE9-4FC9-A9CC-DE3FA507A11F}.Debug|Any CPU.ActiveCfg = Debug|Any CPU
		{796DC7FC-4FE9-4FC9-A9CC-DE3FA507A11F}.Debug|Any CPU.Build.0 = Debug|Any CPU
		{796DC7FC-4FE9-4FC9-A9CC-DE3FA507A11F}.Release|Any CPU.ActiveCfg = Release|Any CPU
		{796DC7FC-4FE9-4FC9-A9CC-DE3FA507A11F}.Release|Any CPU.Build.0 = Release|Any CPU
		{81CEFE93-0E20-4D96-97FE-018CAAE7E785}.Debug|Any CPU.ActiveCfg = Debug|Any CPU
		{81CEFE93-0E20-4D96-97FE-018CAAE7E785}.Debug|Any CPU.Build.0 = Debug|Any CPU
		{81CEFE93-0E20-4D96-97FE-018CAAE7E785}.Release|Any CPU.ActiveCfg = Release|Any CPU
		{81CEFE93-0E20-4D96-97FE-018CAAE7E785}.Release|Any CPU.Build.0 = Release|Any CPU
		{508C40B5-7585-4BC8-BBA0-85F9A7ABBCDB}.Debug|Any CPU.ActiveCfg = Debug|Any CPU
		{508C40B5-7585-4BC8-BBA0-85F9A7ABBCDB}.Debug|Any CPU.Build.0 = Debug|Any CPU
		{508C40B5-7585-4BC8-BBA0-85F9A7ABBCDB}.Release|Any CPU.ActiveCfg = Release|Any CPU
		{508C40B5-7585-4BC8-BBA0-85F9A7ABBCDB}.Release|Any CPU.Build.0 = Release|Any CPU
		{FD545A08-9A9C-4D77-A63B-DAAC4FEDB24C}.Debug|Any CPU.ActiveCfg = Debug|Any CPU
		{FD545A08-9A9C-4D77-A63B-DAAC4FEDB24C}.Debug|Any CPU.Build.0 = Debug|Any CPU
		{FD545A08-9A9C-4D77-A63B-DAAC4FEDB24C}.Release|Any CPU.ActiveCfg = Release|Any CPU
		{FD545A08-9A9C-4D77-A63B-DAAC4FEDB24C}.Release|Any CPU.Build.0 = Release|Any CPU
		{DB92FDE0-8D61-4DE8-B674-E1B08D7F3A96}.Debug|Any CPU.ActiveCfg = Debug|Any CPU
		{DB92FDE0-8D61-4DE8-B674-E1B08D7F3A96}.Debug|Any CPU.Build.0 = Debug|Any CPU
		{DB92FDE0-8D61-4DE8-B674-E1B08D7F3A96}.Release|Any CPU.ActiveCfg = Release|Any CPU
		{DB92FDE0-8D61-4DE8-B674-E1B08D7F3A96}.Release|Any CPU.Build.0 = Release|Any CPU
		{5A043F8E-1D13-452D-A490-ACF7383DDA2D}.Debug|Any CPU.ActiveCfg = Debug|Any CPU
		{5A043F8E-1D13-452D-A490-ACF7383DDA2D}.Debug|Any CPU.Build.0 = Debug|Any CPU
		{5A043F8E-1D13-452D-A490-ACF7383DDA2D}.Release|Any CPU.ActiveCfg = Release|Any CPU
		{5A043F8E-1D13-452D-A490-ACF7383DDA2D}.Release|Any CPU.Build.0 = Release|Any CPU
	EndGlobalSection
	GlobalSection(SolutionProperties) = preSolution
		HideSolutionNode = FALSE
	EndGlobalSection
	GlobalSection(NestedProjects) = preSolution
		{2D96FE07-1E88-412C-88CD-F521BB9F619D} = {0A3D72B8-906E-47B5-A037-0E85A2E2FD39}
		{6B74F8E5-5858-47A9-A1DC-32374ADD891C} = {0A3D72B8-906E-47B5-A037-0E85A2E2FD39}
		{6F8B5ABA-B8C5-4542-9667-50F4233E64AA} = {0A3D72B8-906E-47B5-A037-0E85A2E2FD39}
		{E75712CD-F13E-4951-AECB-36A34CF0BFF3} = {0A3D72B8-906E-47B5-A037-0E85A2E2FD39}
		{796DC7FC-4FE9-4FC9-A9CC-DE3FA507A11F} = {0A3D72B8-906E-47B5-A037-0E85A2E2FD39}
		{81CEFE93-0E20-4D96-97FE-018CAAE7E785} = {0A3D72B8-906E-47B5-A037-0E85A2E2FD39}
		{508C40B5-7585-4BC8-BBA0-85F9A7ABBCDB} = {0A3D72B8-906E-47B5-A037-0E85A2E2FD39}
		{FD545A08-9A9C-4D77-A63B-DAAC4FEDB24C} = {0A3D72B8-906E-47B5-A037-0E85A2E2FD39}
		{DB92FDE0-8D61-4DE8-B674-E1B08D7F3A96} = {0A3D72B8-906E-47B5-A037-0E85A2E2FD39}
		{5A043F8E-1D13-452D-A490-ACF7383DDA2D} = {0A3D72B8-906E-47B5-A037-0E85A2E2FD39}
	EndGlobalSection
	GlobalSection(ExtensibilityGlobals) = postSolution
		SolutionGuid = {A0945772-7394-4A0D-BFC1-2B98CB6F215E}
	EndGlobalSection
EndGlobal
